<?xml version="1.0" encoding="utf-8"?>
<Project ToolsVersion="4.0" xmlns="http://schemas.microsoft.com/developer/msbuild/2003">
  <ItemGroup>
    <ClCompile Include="Algorithm_Solved.cpp" />
    <ClCompile Include="BOJ_1065_한수.cpp">
      <Filter>BOJ</Filter>
    </ClCompile>
    <ClCompile Include="BOJ_1316_그룹 단어 체커.cpp">
      <Filter>BOJ</Filter>
    </ClCompile>
    <ClCompile Include="BOJ_9012_괄호.cpp">
      <Filter>BOJ</Filter>
    </ClCompile>
    <ClCompile Include="BOJ_1463_1로 만들기.cpp">
      <Filter>BOJ</Filter>
    </ClCompile>
    <ClCompile Include="BOJ_2941_크로아티아 알파벳.cpp">
      <Filter>BOJ</Filter>
    </ClCompile>
    <ClCompile Include="BOJ_11399_ATM.cpp">
      <Filter>BOJ</Filter>
    </ClCompile>
    <ClCompile Include="BOJ_11047_동전 0.cpp">
      <Filter>BOJ</Filter>
    </ClCompile>
    <ClCompile Include="BOJ_9095_1, 2, 3 더하기.cpp">
      <Filter>BOJ</Filter>
    </ClCompile>
  </ItemGroup>
  <ItemGroup>
    <Filter Include="BOJ">
      <UniqueIdentifier>{169e5d06-2965-426a-881e-e03a745c5f46}</UniqueIdentifier>
    </Filter>
    <Filter Include="Programmers">
      <UniqueIdentifier>{6bf74518-1335-4c01-99ad-c8bd9b1014ac}</UniqueIdentifier>
    </Filter>
  </ItemGroup>
</Project>